
Microsoft Visual Studio Solution File, Format Version 12.00
# Visual Studio Version 17
VisualStudioVersion = 17.14.36717.8 d17.14
MinimumVisualStudioVersion = 10.0.40219.1
Project("{FAE04EC0-301F-11D3-BF4B-00C04F79EFBC}") = "MyApp", "MyApp.csproj", "{E9D864E4-1FF5-4D08-BD87-7F12311B557B}"
EndProject
Global
	GlobalSection(SolutionConfigurationPlatforms) = preSolution
		Debug|ARM64 = Debug|ARM64
		Debug|x64 = Debug|x64
		Debug|x86 = Debug|x86
		Release|ARM64 = Release|ARM64
		Release|x64 = Release|x64
		Release|x86 = Release|x86
	EndGlobalSection
	GlobalSection(ProjectConfigurationPlatforms) = postSolution
		{E9D864E4-1FF5-4D08-BD87-7F12311B557B}.Debug|ARM64.ActiveCfg = Debug|ARM64
		{E9D864E4-1FF5-4D08-BD87-7F12311B557B}.Debug|ARM64.Build.0 = Debug|ARM64
		{E9D864E4-1FF5-4D08-BD87-7F12311B557B}.Debug|ARM64.Deploy.0 = Debug|ARM64
		{E9D864E4-1FF5-4D08-BD87-7F12311B557B}.Debug|x64.ActiveCfg = Debug|x64
		{E9D864E4-1FF5-4D08-BD87-7F12311B557B}.Debug|x64.Build.0 = Debug|x64
		{E9D864E4-1FF5-4D08-BD87-7F12311B557B}.Debug|x64.Deploy.0 = Debug|x64
		{E9D864E4-1FF5-4D08-BD87-7F12311B557B}.Debug|x86.ActiveCfg = Debug|x86
		{E9D864E4-1FF5-4D08-BD87-7F12311B557B}.Debug|x86.Build.0 = Debug|x86
		{E9D864E4-1FF5-4D08-BD87-7F12311B557B}.Debug|x86.Deploy.0 = Debug|x86
		{E9D864E4-1FF5-4D08-BD87-7F12311B557B}.Release|ARM64.ActiveCfg = Release|ARM64
		{E9D864E4-1FF5-4D08-BD87-7F12311B557B}.Release|ARM64.Build.0 = Release|ARM64
		{E9D864E4-1FF5-4D08-BD87-7F12311B557B}.Release|ARM64.Deploy.0 = Release|ARM64
		{E9D864E4-1FF5-4D08-BD87-7F12311B557B}.Release|x64.ActiveCfg = Release|x64
		{E9D864E4-1FF5-4D08-BD87-7F12311B557B}.Release|x64.Build.0 = Release|x64
		{E9D864E4-1FF5-4D08-BD87-7F12311B557B}.Release|x64.Deploy.0 = Release|x64
		{E9D864E4-1FF5-4D08-BD87-7F12311B557B}.Release|x86.ActiveCfg = Release|x86
		{E9D864E4-1FF5-4D08-BD87-7F12311B557B}.Release|x86.Build.0 = Release|x86
		{E9D864E4-1FF5-4D08-BD87-7F12311B557B}.Release|x86.Deploy.0 = Release|x86
	EndGlobalSection
	GlobalSection(SolutionProperties) = preSolution
		HideSolutionNode = FALSE
	EndGlobalSection
	GlobalSection(ExtensibilityGlobals) = postSolution
		SolutionGuid = {F1D2DBEE-8FBD-40D2-81B3-78C85622B9FF}
	EndGlobalSection
EndGlobal
